
Microsoft Visual Studio Solution File, Format Version 12.00
# Visual Studio Version 17
VisualStudioVersion = 17.7.34031.279
MinimumVisualStudioVersion = 10.0.40219.1
Project("{FAE04EC0-301F-11D3-BF4B-00C04F79EFBC}") = "Vendedor_Algoritmo", "Vendedor_Algoritmo\Vendedor_Algoritmo.csproj", "{DEB73096-19E3-414F-B4CE-A05A101FEF40}"
EndProject
Global
	GlobalSection(SolutionConfigurationPlatforms) = preSolution
		Debug|Any CPU = Debug|Any CPU
		Release|Any CPU = Release|Any CPU
	EndGlobalSection
	GlobalSection(ProjectConfigurationPlatforms) = postSolution
		{DEB73096-19E3-414F-B4CE-A05A101FEF40}.Debug|Any CPU.ActiveCfg = Debug|Any CPU
		{DEB73096-19E3-414F-B4CE-A05A101FEF40}.Debug|Any CPU.Build.0 = Debug|Any CPU
		{DEB73096-19E3-414F-B4CE-A05A101FEF40}.Release|Any CPU.ActiveCfg = Release|Any CPU
		{DEB73096-19E3-414F-B4CE-A05A101FEF40}.Release|Any CPU.Build.0 = Release|Any CPU
	EndGlobalSection
	GlobalSection(SolutionProperties) = preSolution
		HideSolutionNode = FALSE
	EndGlobalSection
	GlobalSection(ExtensibilityGlobals) = postSolution
		SolutionGuid = {FA6039A6-589B-4BA8-9FF7-28F27B1372FF}
	EndGlobalSection
EndGlobal
